{
  "name": "tfg_firebase_project",
  "lockfileVersion": 3,
  "requires": true,
  "packages": {
    "": {
      "dependencies": {
        "rtree": "^1.4.2"
      }
    },
    "node_modules/rtree": {
      "version": "1.4.2",
      "resolved": "https://registry.npmjs.org/rtree/-/rtree-1.4.2.tgz",
      "integrity": "sha512-ghyCuNLgwDv4tiMT1bUrIFv/q2OSSBm4Ohjsz0NW0vFw9OF6wixMELK6empeOlAcv+mQ34W/aDgJk7aLGLeU5g=="
    }
  }
}
